
Microsoft Visual Studio Solution File, Format Version 12.00
# Visual Studio 2013
VisualStudioVersion = 12.0.31101.0
MinimumVisualStudioVersion = 10.0.40219.1
Project("{FAE04EC0-301F-11D3-BF4B-00C04F79EFBC}") = "D-Form", "D-Form\D-Form.csproj", "{9DF466C8-D454-4CD0-B251-2A5DF8E6A8FA}"
EndProject
Project("{FAE04EC0-301F-11D3-BF4B-00C04F79EFBC}") = "D-Form.Tests", "D-Form.Tests\D-Form.Tests.csproj", "{780B3BCC-42C6-42FC-B944-CAE551436590}"
EndProject
Project("{2150E333-8FDC-42A3-9474-1A3956D46DE8}") = ".nuget", ".nuget", "{6A93FA0A-3146-4859-B6F1-B370BF0F2FB4}"
	ProjectSection(SolutionItems) = preProject
		.nuget\packages.config = .nuget\packages.config
	EndProjectSection
EndProject
Global
	GlobalSection(SolutionConfigurationPlatforms) = preSolution
		Debug|Any CPU = Debug|Any CPU
		Release|Any CPU = Release|Any CPU
	EndGlobalSection
	GlobalSection(ProjectConfigurationPlatforms) = postSolution
		{9DF466C8-D454-4CD0-B251-2A5DF8E6A8FA}.Debug|Any CPU.ActiveCfg = Debug|Any CPU
		{9DF466C8-D454-4CD0-B251-2A5DF8E6A8FA}.Debug|Any CPU.Build.0 = Debug|Any CPU
		{9DF466C8-D454-4CD0-B251-2A5DF8E6A8FA}.Release|Any CPU.ActiveCfg = Release|Any CPU
		{9DF466C8-D454-4CD0-B251-2A5DF8E6A8FA}.Release|Any CPU.Build.0 = Release|Any CPU
		{780B3BCC-42C6-42FC-B944-CAE551436590}.Debug|Any CPU.ActiveCfg = Debug|Any CPU
		{780B3BCC-42C6-42FC-B944-CAE551436590}.Debug|Any CPU.Build.0 = Debug|Any CPU
		{780B3BCC-42C6-42FC-B944-CAE551436590}.Release|Any CPU.ActiveCfg = Release|Any CPU
		{780B3BCC-42C6-42FC-B944-CAE551436590}.Release|Any CPU.Build.0 = Release|Any CPU
	EndGlobalSection
	GlobalSection(SolutionProperties) = preSolution
		HideSolutionNode = FALSE
	EndGlobalSection
EndGlobal
